
Microsoft Visual Studio Solution File, Format Version 12.00
# Visual Studio Version 17
VisualStudioVersion = 17.9.34607.119
MinimumVisualStudioVersion = 10.0.40219.1
Project("{9A19103F-16F7-4668-BE54-9A1E7A4F7556}") = "WebApiAdaptor", "WebApiAdaptor.csproj", "{5F6907C4-4EB0-4413-A2AC-5A4376254445}"
EndProject
Global
	GlobalSection(SolutionConfigurationPlatforms) = preSolution
		Debug|Any CPU = Debug|Any CPU
		Release|Any CPU = Release|Any CPU
	EndGlobalSection
	GlobalSection(ProjectConfigurationPlatforms) = postSolution
		{5F6907C4-4EB0-4413-A2AC-5A4376254445}.Debug|Any CPU.ActiveCfg = Debug|Any CPU
		{5F6907C4-4EB0-4413-A2AC-5A4376254445}.Debug|Any CPU.Build.0 = Debug|Any CPU
		{5F6907C4-4EB0-4413-A2AC-5A4376254445}.Release|Any CPU.ActiveCfg = Release|Any CPU
		{5F6907C4-4EB0-4413-A2AC-5A4376254445}.Release|Any CPU.Build.0 = Release|Any CPU
	EndGlobalSection
	GlobalSection(SolutionProperties) = preSolution
		HideSolutionNode = FALSE
	EndGlobalSection
	GlobalSection(ExtensibilityGlobals) = postSolution
		SolutionGuid = {C8F22FB7-239C-4690-8CD5-A78BAD0CA381}
	EndGlobalSection
EndGlobal
